
Microsoft Visual Studio Solution File, Format Version 12.00
# Visual Studio 15
VisualStudioVersion = 15.0.28307.1000
MinimumVisualStudioVersion = 10.0.40219.1
Project("{FAE04EC0-301F-11D3-BF4B-00C04F79EFBC}") = "WinFormSystray", "WinFormSystray\WinFormSystray.csproj", "{CE06AFE3-BF7D-478D-BB7C-33AB012A72D9}"
EndProject
Global
	GlobalSection(SolutionConfigurationPlatforms) = preSolution
		Debug|Any CPU = Debug|Any CPU
		Release|Any CPU = Release|Any CPU
	EndGlobalSection
	GlobalSection(ProjectConfigurationPlatforms) = postSolution
		{CE06AFE3-BF7D-478D-BB7C-33AB012A72D9}.Debug|Any CPU.ActiveCfg = Debug|Any CPU
		{CE06AFE3-BF7D-478D-BB7C-33AB012A72D9}.Debug|Any CPU.Build.0 = Debug|Any CPU
		{CE06AFE3-BF7D-478D-BB7C-33AB012A72D9}.Release|Any CPU.ActiveCfg = Release|Any CPU
		{CE06AFE3-BF7D-478D-BB7C-33AB012A72D9}.Release|Any CPU.Build.0 = Release|Any CPU
	EndGlobalSection
	GlobalSection(SolutionProperties) = preSolution
		HideSolutionNode = FALSE
	EndGlobalSection
	GlobalSection(ExtensibilityGlobals) = postSolution
		SolutionGuid = {8C833731-9DB3-4ED6-8929-1930C0BEFA38}
	EndGlobalSection
EndGlobal
